
Microsoft Visual Studio Solution File, Format Version 12.00
# Visual Studio Version 17
VisualStudioVersion = 17.2.32516.85
MinimumVisualStudioVersion = 10.0.40219.1
Project("{9A19103F-16F7-4668-BE54-9A1E7A4F7556}") = "Win.Forms.Apps", "Win.Form.Apps\Win.Forms.Apps.csproj", "{AB55EFA0-A93A-402B-9FCE-BD5AC4853684}"
EndProject
Project("{FAE04EC0-301F-11D3-BF4B-00C04F79EFBC}") = "WindowsFormsApp", "WindowsFormsApp1\WindowsFormsApp.csproj", "{B5A1319D-CE00-490C-AD78-878ED9CF86D1}"
EndProject
Global
	GlobalSection(SolutionConfigurationPlatforms) = preSolution
		Debug|Any CPU = Debug|Any CPU
		Release|Any CPU = Release|Any CPU
	EndGlobalSection
	GlobalSection(ProjectConfigurationPlatforms) = postSolution
		{AB55EFA0-A93A-402B-9FCE-BD5AC4853684}.Debug|Any CPU.ActiveCfg = Debug|Any CPU
		{AB55EFA0-A93A-402B-9FCE-BD5AC4853684}.Debug|Any CPU.Build.0 = Debug|Any CPU
		{AB55EFA0-A93A-402B-9FCE-BD5AC4853684}.Release|Any CPU.ActiveCfg = Release|Any CPU
		{AB55EFA0-A93A-402B-9FCE-BD5AC4853684}.Release|Any CPU.Build.0 = Release|Any CPU
		{B5A1319D-CE00-490C-AD78-878ED9CF86D1}.Debug|Any CPU.ActiveCfg = Debug|Any CPU
		{B5A1319D-CE00-490C-AD78-878ED9CF86D1}.Debug|Any CPU.Build.0 = Debug|Any CPU
		{B5A1319D-CE00-490C-AD78-878ED9CF86D1}.Release|Any CPU.ActiveCfg = Release|Any CPU
		{B5A1319D-CE00-490C-AD78-878ED9CF86D1}.Release|Any CPU.Build.0 = Release|Any CPU
	EndGlobalSection
	GlobalSection(SolutionProperties) = preSolution
		HideSolutionNode = FALSE
	EndGlobalSection
	GlobalSection(ExtensibilityGlobals) = postSolution
		SolutionGuid = {0882A1BD-B14A-4091-B5B7-A560A70DD2E0}
	EndGlobalSection
EndGlobal
